PODS:
  - Alamofire (4.8.1)
  - GRDB.swift (3.6.2)
  - OHHTTPStubs/Core (6.1.0)
  - OHHTTPStubs/Default (6.1.0):
    - OHHTTPStubs/Core
    - OHHTTPStubs/JSON
    - OHHTTPStubs/NSURLSession
    - OHHTTPStubs/OHPathHelpers
  - OHHTTPStubs/JSON (6.1.0):
    - OHHTTPStubs/Core
  - OHHTTPStubs/NSURLSession (6.1.0):
    - OHHTTPStubs/Core
  - OHHTTPStubs/OHPathHelpers (6.1.0)
  - OHHTTPStubs/Swift (6.1.0):
    - OHHTTPStubs/Default
  - OLMKit (3.0.0):
    - OLMKit/olmc (= 3.0.0)
    - OLMKit/olmcpp (= 3.0.0)
  - OLMKit/olmc (3.0.0)
  - OLMKit/olmcpp (3.0.0)
  - SwiftFormat/CLI (0.39.3)

DEPENDENCIES:
  - Alamofire
  - GRDB.swift
  - OHHTTPStubs/Swift
  - OLMKit
  - SwiftFormat/CLI

SPEC REPOS:
  https://github.com/cocoapods/specs.git:
    - Alamofire
    - GRDB.swift
    - OHHTTPStubs
    - OLMKit
    - SwiftFormat

SPEC CHECKSUMS:
  Alamofire: 16ce2c353fb72865124ddae8a57c5942388f4f11
  GRDB.swift: e10787d857b6b8135354b9e08fb23b4bb8e2fab7
  OHHTTPStubs: 1e21c7d2c084b8153fc53d48400d8919d2d432d0
  OLMKit: 88eda69110489f817d59bcb4353b7c247570aa4f
  SwiftFormat: 2e67b7f1dd387e2ff8fe05e0846229361abe1c13

PODFILE CHECKSUM: 23941cc7f9046c1062094188b32d46d4dfbeda7b

COCOAPODS: 1.5.3
