PODS:
  - Alamofire (4.9.1)
  - GRDB.swift (4.9.0):
    - GRDB.swift/standard (= 4.9.0)
  - GRDB.swift/standard (4.9.0)
  - OHHTTPStubs/Core (9.0.0)
  - OHHTTPStubs/Default (9.0.0):
    - OHHTTPStubs/Core
    - OHHTTPStubs/JSON
    - OHHTTPStubs/NSURLSession
    - OHHTTPStubs/OHPathHelpers
  - OHHTTPStubs/JSON (9.0.0):
    - OHHTTPStubs/Core
  - OHHTTPStubs/NSURLSession (9.0.0):
    - OHHTTPStubs/Core
  - OHHTTPStubs/OHPathHelpers (9.0.0)
  - OHHTTPStubs/Swift (9.0.0):
    - OHHTTPStubs/Default
  - OLMKit (3.1.0):
    - OLMKit/olmc (= 3.1.0)
    - OLMKit/olmcpp (= 3.1.0)
  - OLMKit/olmc (3.1.0)
  - OLMKit/olmcpp (3.1.0)
  - SwiftFormat/CLI (0.44.0)

DEPENDENCIES:
  - Alamofire
  - GRDB.swift
  - OHHTTPStubs/Swift
  - OLMKit
  - SwiftFormat/CLI

SPEC REPOS:
  trunk:
    - Alamofire
    - GRDB.swift
    - OHHTTPStubs
    - OLMKit
    - SwiftFormat

SPEC CHECKSUMS:
  Alamofire: 85e8a02c69d6020a0d734f6054870d7ecb75cf18
  GRDB.swift: 4a6aab0c6f492db0ed42c76efdd5733245516db4
  OHHTTPStubs: cb29d2a9d09a828ecb93349a2b0c64f99e0db89f
  OLMKit: 4ee0159d63feeb86d836fdcfefe418e163511639
  SwiftFormat: 180a4d17bcfa2c9f61b202dac7dddd2087ff920a

PODFILE CHECKSUM: 5c0c90cb1a808a44fd063d507e7efaad8085174c

COCOAPODS: 1.8.4
